// !$*UTF8*$!
{
	archiveVersion = 1;
	classes = {
	};
	objectVersion = 50;
	objects = {

/* Begin PBXFileReference section */
		8591E0AC218717670088B70C /* README.md */ = {isa = PBXFileReference; lastKnownFileType = net.daringfireball.markdown; path = README.md; sourceTree = "<group>"; };
		8591E0AD2187178A0088B70C /* docker-compose.yml */ = {isa = PBXFileReference; lastKnownFileType = text; path = "docker-compose.yml"; sourceTree = "<group>"; };
		8591E0AE2187178A0088B70C /* sample.env */ = {isa = PBXFileReference; lastKnownFileType = text; path = sample.env; sourceTree = "<group>"; };
		8591E0B0218717B90088B70C /* apache_base_ssl_on.conf */ = {isa = PBXFileReference; lastKnownFileType = text; path = apache_base_ssl_on.conf; sourceTree = "<group>"; };
		8591E0B2218717CB0088B70C /* start.sh */ = {isa = PBXFileReference; lastKnownFileType = text.script.sh; path = start.sh; sourceTree = "<group>"; };
		8591E0B3218717CB0088B70C /* enter_app_container.sh */ = {isa = PBXFileReference; lastKnownFileType = text.script.sh; path = enter_app_container.sh; sourceTree = "<group>"; };
		8591E0B4218717CB0088B70C /* stop.sh */ = {isa = PBXFileReference; lastKnownFileType = text.script.sh; path = stop.sh; sourceTree = "<group>"; };
		8591E0B7218735280088B70C /* sample_create_app_db_user.js */ = {isa = PBXFileReference; lastKnownFileType = sourcecode.javascript; path = sample_create_app_db_user.js; sourceTree = "<group>"; };
		8591E0BC21873B8C0088B70C /* Dockerfile */ = {isa = PBXFileReference; lastKnownFileType = text; path = Dockerfile; sourceTree = "<group>"; };
/* End PBXFileReference section */

/* Begin PBXGroup section */
		8591E0A5218717280088B70C = {
			isa = PBXGroup;
			children = (
				8591E0AC218717670088B70C /* README.md */,
				8591E0AE2187178A0088B70C /* sample.env */,
				8591E0B7218735280088B70C /* sample_create_app_db_user.js */,
				8591E0BC21873B8C0088B70C /* Dockerfile */,
				8591E0AD2187178A0088B70C /* docker-compose.yml */,
				8591E0B0218717B90088B70C /* apache_base_ssl_on.conf */,
				8591E0B1218717C00088B70C /* scripts */,
			);
			sourceTree = "<group>";
		};
		8591E0B1218717C00088B70C /* scripts */ = {
			isa = PBXGroup;
			children = (
				8591E0B3218717CB0088B70C /* enter_app_container.sh */,
				8591E0B2218717CB0088B70C /* start.sh */,
				8591E0B4218717CB0088B70C /* stop.sh */,
			);
			path = scripts;
			sourceTree = "<group>";
		};
/* End PBXGroup section */

/* Begin PBXProject section */
		8591E0A6218717280088B70C /* Project object */ = {
			isa = PBXProject;
			attributes = {
				LastUpgradeCheck = 1000;
			};
			buildConfigurationList = 8591E0A9218717280088B70C /* Build configuration list for PBXProject "Docker Parse Server Stack" */;
			compatibilityVersion = "Xcode 9.3";
			developmentRegion = en;
			hasScannedForEncodings = 0;
			knownRegions = (
				en,
			);
			mainGroup = 8591E0A5218717280088B70C;
			projectDirPath = "";
			projectRoot = "";
			targets = (
			);
		};
/* End PBXProject section */

/* Begin XCBuildConfiguration section */
		8591E0AA218717280088B70C /* Debug */ = {
			isa = XCBuildConfiguration;
			buildSettings = {
			};
			name = Debug;
		};
		8591E0AB218717280088B70C /* Release */ = {
			isa = XCBuildConfiguration;
			buildSettings = {
			};
			name = Release;
		};
/* End XCBuildConfiguration section */

/* Begin XCConfigurationList section */
		8591E0A9218717280088B70C /* Build configuration list for PBXProject "Docker Parse Server Stack" */ = {
			isa = XCConfigurationList;
			buildConfigurations = (
				8591E0AA218717280088B70C /* Debug */,
				8591E0AB218717280088B70C /* Release */,
			);
			defaultConfigurationIsVisible = 0;
			defaultConfigurationName = Release;
		};
/* End XCConfigurationList section */
	};
	rootObject = 8591E0A6218717280088B70C /* Project object */;
}
